
Microsoft Visual Studio Solution File, Format Version 12.00
Project("{FAE04EC0-301F-11D3-BF4B-00C04F79EFBC}") = "App.Web", "App.Web\App.Web.csproj", "{2E37CB33-8592-4489-A69A-28BEE57D3B5A}"
EndProject
Project("{FAE04EC0-301F-11D3-BF4B-00C04F79EFBC}") = "App.Test", "App.Test\App.Test.csproj", "{7D81C6D2-5B9E-407A-A0CB-92081B137EBA}"
EndProject
Global
	GlobalSection(SolutionConfigurationPlatforms) = preSolution
		Debug|Any CPU = Debug|Any CPU
		Release|Any CPU = Release|Any CPU
	EndGlobalSection
	GlobalSection(ProjectConfigurationPlatforms) = postSolution
		{2E37CB33-8592-4489-A69A-28BEE57D3B5A}.Debug|Any CPU.ActiveCfg = Debug|Any CPU
		{2E37CB33-8592-4489-A69A-28BEE57D3B5A}.Debug|Any CPU.Build.0 = Debug|Any CPU
		{2E37CB33-8592-4489-A69A-28BEE57D3B5A}.Release|Any CPU.ActiveCfg = Release|Any CPU
		{2E37CB33-8592-4489-A69A-28BEE57D3B5A}.Release|Any CPU.Build.0 = Release|Any CPU
		{7D81C6D2-5B9E-407A-A0CB-92081B137EBA}.Debug|Any CPU.ActiveCfg = Debug|Any CPU
		{7D81C6D2-5B9E-407A-A0CB-92081B137EBA}.Debug|Any CPU.Build.0 = Debug|Any CPU
		{7D81C6D2-5B9E-407A-A0CB-92081B137EBA}.Release|Any CPU.ActiveCfg = Release|Any CPU
		{7D81C6D2-5B9E-407A-A0CB-92081B137EBA}.Release|Any CPU.Build.0 = Release|Any CPU
	EndGlobalSection
EndGlobal
